
Microsoft Visual Studio Solution File, Format Version 12.00
# Visual Studio Version 16
VisualStudioVersion = 16.0.30204.135
MinimumVisualStudioVersion = 10.0.40219.1
Project("{FAE04EC0-301F-11D3-BF4B-00C04F79EFBC}") = "EAAutoFramework", "EAAutoFramework.csproj", "{8534681B-EB62-4D6A-8CE5-724E62E8B7C2}"
EndProject
Project("{FAE04EC0-301F-11D3-BF4B-00C04F79EFBC}") = "CrossPlatformEATest", "..\CrossPlatformEATest\CrossPlatformEATest.csproj", "{B0977FF1-D5B3-4038-A1A0-81E43FE55798}"
EndProject
Global
	GlobalSection(SolutionConfigurationPlatforms) = preSolution
		Debug|Any CPU = Debug|Any CPU
		Release|Any CPU = Release|Any CPU
	EndGlobalSection
	GlobalSection(ProjectConfigurationPlatforms) = postSolution
		{8534681B-EB62-4D6A-8CE5-724E62E8B7C2}.Debug|Any CPU.ActiveCfg = Debug|Any CPU
		{8534681B-EB62-4D6A-8CE5-724E62E8B7C2}.Debug|Any CPU.Build.0 = Debug|Any CPU
		{8534681B-EB62-4D6A-8CE5-724E62E8B7C2}.Release|Any CPU.ActiveCfg = Release|Any CPU
		{8534681B-EB62-4D6A-8CE5-724E62E8B7C2}.Release|Any CPU.Build.0 = Release|Any CPU
		{B0977FF1-D5B3-4038-A1A0-81E43FE55798}.Debug|Any CPU.ActiveCfg = Debug|Any CPU
		{B0977FF1-D5B3-4038-A1A0-81E43FE55798}.Debug|Any CPU.Build.0 = Debug|Any CPU
		{B0977FF1-D5B3-4038-A1A0-81E43FE55798}.Release|Any CPU.ActiveCfg = Release|Any CPU
		{B0977FF1-D5B3-4038-A1A0-81E43FE55798}.Release|Any CPU.Build.0 = Release|Any CPU
	EndGlobalSection
	GlobalSection(SolutionProperties) = preSolution
		HideSolutionNode = FALSE
	EndGlobalSection
	GlobalSection(ExtensibilityGlobals) = postSolution
		SolutionGuid = {53C662AD-EEDB-40B6-B99A-DE30FD893240}
	EndGlobalSection
EndGlobal
